// !$*UTF8*$!
{
	archiveVersion = 1;
	classes = {
	};
	objectVersion = 50;
	objects = {

/* Begin PBXBuildFile section */
		FC0686CB24235051000EB5F0 /* AppDelegate.m in Sources */ = {isa = PBXBuildFile; fileRef = FC0686CA24235051000EB5F0 /* AppDelegate.m */; };
		FC0686CE24235051000EB5F0 /* SceneDelegate.m in Sources */ = {isa = PBXBuildFile; fileRef = FC0686CD24235051000EB5F0 /* SceneDelegate.m */; };
		FC0686D124235051000EB5F0 /* ViewController.m in Sources */ = {isa = PBXBuildFile; fileRef = FC0686D024235051000EB5F0 /* ViewController.m */; };
		FC0686D424235051000EB5F0 /* Main.storyboard in Resources */ = {isa = PBXBuildFile; fileRef = FC0686D224235051000EB5F0 /* Main.storyboard */; };
		FC0686D624235053000EB5F0 /* Assets.xcassets in Resources */ = {isa = PBXBuildFile; fileRef = FC0686D524235053000EB5F0 /* Assets.xcassets */; };
		FC0686D924235053000EB5F0 /* LaunchScreen.storyboard in Resources */ = {isa = PBXBuildFile; fileRef = FC0686D724235053000EB5F0 /* LaunchScreen.storyboard */; };
		FC0686DC24235053000EB5F0 /* main.m in Sources */ = {isa = PBXBuildFile; fileRef = FC0686DB24235053000EB5F0 /* main.m */; };
		FC0686E624235053000EB5F0 /* MatchismoTests.m in Sources */ = {isa = PBXBuildFile; fileRef = FC0686E524235053000EB5F0 /* MatchismoTests.m */; };
		FC0686F224236006000EB5F0 /* Card.m in Sources */ = {isa = PBXBuildFile; fileRef = FC0686F124236006000EB5F0 /* Card.m */; };
		FC0686F72423639C000EB5F0 /* PlayingCard.m in Sources */ = {isa = PBXBuildFile; fileRef = FC0686F62423639C000EB5F0 /* PlayingCard.m */; };
		FC0686FA2424AE2E000EB5F0 /* Deck.m in Sources */ = {isa = PBXBuildFile; fileRef = FC0686F92424AE2E000EB5F0 /* Deck.m */; };
		FC0686FD2424B423000EB5F0 /* PlayingCardDeck.m in Sources */ = {isa = PBXBuildFile; fileRef = FC0686FC2424B423000EB5F0 /* PlayingCardDeck.m */; };
		FC0687022428296C000EB5F0 /* CardMatchingGame.m in Sources */ = {isa = PBXBuildFile; fileRef = FC0687012428296C000EB5F0 /* CardMatchingGame.m */; };
		FC068705242B0CD0000EB5F0 /* FlipCardViewController.m in Sources */ = {isa = PBXBuildFile; fileRef = FC068704242B0CD0000EB5F0 /* FlipCardViewController.m */; };
		FC068708242B0CF7000EB5F0 /* SetViewController.m in Sources */ = {isa = PBXBuildFile; fileRef = FC068707242B0CF7000EB5F0 /* SetViewController.m */; };
		FC06870B242B15F8000EB5F0 /* SetDeck.m in Sources */ = {isa = PBXBuildFile; fileRef = FC06870A242B15F8000EB5F0 /* SetDeck.m */; };
		FC068710242B1666000EB5F0 /* SetCard.m in Sources */ = {isa = PBXBuildFile; fileRef = FC06870F242B1666000EB5F0 /* SetCard.m */; };
		FC068716242BFEAE000EB5F0 /* PlayingCardMatchingGame.m in Sources */ = {isa = PBXBuildFile; fileRef = FC068715242BFEAE000EB5F0 /* PlayingCardMatchingGame.m */; };
		FC068719242C242C000EB5F0 /* SetGame.m in Sources */ = {isa = PBXBuildFile; fileRef = FC068718242C242C000EB5F0 /* SetGame.m */; };
/* End PBXBuildFile section */

/* Begin PBXContainerItemProxy section */
		FC0686E224235053000EB5F0 /* PBXContainerItemProxy */ = {
			isa = PBXContainerItemProxy;
			containerPortal = FC0686BE24235051000EB5F0 /* Project object */;
			proxyType = 1;
			remoteGlobalIDString = FC0686C524235051000EB5F0;
			remoteInfo = Matchismo;
		};
/* End PBXContainerItemProxy section */

/* Begin PBXFileReference section */
		FC0686C624235051000EB5F0 /* Matchismo.app */ = {isa = PBXFileReference; explicitFileType = wrapper.application; includeInIndex = 0; path = Matchismo.app; sourceTree = BUILT_PRODUCTS_DIR; };
		FC0686C924235051000EB5F0 /* AppDelegate.h */ = {isa = PBXFileReference; lastKnownFileType = sourcecode.c.h; path = AppDelegate.h; sourceTree = "<group>"; };
		FC0686CA24235051000EB5F0 /* AppDelegate.m */ = {isa = PBXFileReference; lastKnownFileType = sourcecode.c.objc; path = AppDelegate.m; sourceTree = "<group>"; };
		FC0686CC24235051000EB5F0 /* SceneDelegate.h */ = {isa = PBXFileReference; lastKnownFileType = sourcecode.c.h; path = SceneDelegate.h; sourceTree = "<group>"; };
		FC0686CD24235051000EB5F0 /* SceneDelegate.m */ = {isa = PBXFileReference; lastKnownFileType = sourcecode.c.objc; path = SceneDelegate.m; sourceTree = "<group>"; };
		FC0686CF24235051000EB5F0 /* ViewController.h */ = {isa = PBXFileReference; lastKnownFileType = sourcecode.c.h; path = ViewController.h; sourceTree = "<group>"; };
		FC0686D024235051000EB5F0 /* ViewController.m */ = {isa = PBXFileReference; lastKnownFileType = sourcecode.c.objc; path = ViewController.m; sourceTree = "<group>"; };
		FC0686D324235051000EB5F0 /* Base */ = {isa = PBXFileReference; lastKnownFileType = file.storyboard; name = Base; path = Base.lproj/Main.storyboard; sourceTree = "<group>"; };
		FC0686D524235053000EB5F0 /* Assets.xcassets */ = {isa = PBXFileReference; lastKnownFileType = folder.assetcatalog; path = Assets.xcassets; sourceTree = "<group>"; };
		FC0686D824235053000EB5F0 /* Base */ = {isa = PBXFileReference; lastKnownFileType = file.storyboard; name = Base; path = Base.lproj/LaunchScreen.storyboard; sourceTree = "<group>"; };
		FC0686DA24235053000EB5F0 /* Info.plist */ = {isa = PBXFileReference; lastKnownFileType = text.plist.xml; path = Info.plist; sourceTree = "<group>"; };
		FC0686DB24235053000EB5F0 /* main.m */ = {isa = PBXFileReference; lastKnownFileType = sourcecode.c.objc; path = main.m; sourceTree = "<group>"; };
		FC0686E124235053000EB5F0 /* MatchismoTests.xctest */ = {isa = PBXFileReference; explicitFileType = wrapper.cfbundle; includeInIndex = 0; path = MatchismoTests.xctest; sourceTree = BUILT_PRODUCTS_DIR; };
		FC0686E524235053000EB5F0 /* MatchismoTests.m */ = {isa = PBXFileReference; lastKnownFileType = sourcecode.c.objc; path = MatchismoTests.m; sourceTree = "<group>"; };
		FC0686E724235053000EB5F0 /* Info.plist */ = {isa = PBXFileReference; lastKnownFileType = text.plist.xml; path = Info.plist; sourceTree = "<group>"; };
		FC0686F024236006000EB5F0 /* Card.h */ = {isa = PBXFileReference; lastKnownFileType = sourcecode.c.h; path = Card.h; sourceTree = "<group>"; };
		FC0686F124236006000EB5F0 /* Card.m */ = {isa = PBXFileReference; lastKnownFileType = sourcecode.c.objc; path = Card.m; sourceTree = "<group>"; };
		FC0686F52423639C000EB5F0 /* PlayingCard.h */ = {isa = PBXFileReference; lastKnownFileType = sourcecode.c.h; path = PlayingCard.h; sourceTree = "<group>"; };
		FC0686F62423639C000EB5F0 /* PlayingCard.m */ = {isa = PBXFileReference; lastKnownFileType = sourcecode.c.objc; path = PlayingCard.m; sourceTree = "<group>"; };
		FC0686F82424AE2E000EB5F0 /* Deck.h */ = {isa = PBXFileReference; lastKnownFileType = sourcecode.c.h; path = Deck.h; sourceTree = "<group>"; };
		FC0686F92424AE2E000EB5F0 /* Deck.m */ = {isa = PBXFileReference; lastKnownFileType = sourcecode.c.objc; path = Deck.m; sourceTree = "<group>"; };
		FC0686FB2424B423000EB5F0 /* PlayingCardDeck.h */ = {isa = PBXFileReference; lastKnownFileType = sourcecode.c.h; path = PlayingCardDeck.h; sourceTree = "<group>"; };
		FC0686FC2424B423000EB5F0 /* PlayingCardDeck.m */ = {isa = PBXFileReference; lastKnownFileType = sourcecode.c.objc; path = PlayingCardDeck.m; sourceTree = "<group>"; };
		FC0687002428296C000EB5F0 /* CardMatchingGame.h */ = {isa = PBXFileReference; lastKnownFileType = sourcecode.c.h; path = CardMatchingGame.h; sourceTree = "<group>"; };
		FC0687012428296C000EB5F0 /* CardMatchingGame.m */ = {isa = PBXFileReference; lastKnownFileType = sourcecode.c.objc; path = CardMatchingGame.m; sourceTree = "<group>"; };
		FC068703242B0CD0000EB5F0 /* FlipCardViewController.h */ = {isa = PBXFileReference; lastKnownFileType = sourcecode.c.h; path = FlipCardViewController.h; sourceTree = "<group>"; };
		FC068704242B0CD0000EB5F0 /* FlipCardViewController.m */ = {isa = PBXFileReference; lastKnownFileType = sourcecode.c.objc; path = FlipCardViewController.m; sourceTree = "<group>"; };
		FC068706242B0CF7000EB5F0 /* SetViewController.h */ = {isa = PBXFileReference; lastKnownFileType = sourcecode.c.h; path = SetViewController.h; sourceTree = "<group>"; };
		FC068707242B0CF7000EB5F0 /* SetViewController.m */ = {isa = PBXFileReference; lastKnownFileType = sourcecode.c.objc; path = SetViewController.m; sourceTree = "<group>"; };
		FC068709242B15F8000EB5F0 /* SetDeck.h */ = {isa = PBXFileReference; lastKnownFileType = sourcecode.c.h; path = SetDeck.h; sourceTree = "<group>"; };
		FC06870A242B15F8000EB5F0 /* SetDeck.m */ = {isa = PBXFileReference; lastKnownFileType = sourcecode.c.objc; path = SetDeck.m; sourceTree = "<group>"; };
		FC06870E242B1666000EB5F0 /* SetCard.h */ = {isa = PBXFileReference; lastKnownFileType = sourcecode.c.h; path = SetCard.h; sourceTree = "<group>"; };
		FC06870F242B1666000EB5F0 /* SetCard.m */ = {isa = PBXFileReference; lastKnownFileType = sourcecode.c.objc; path = SetCard.m; sourceTree = "<group>"; };
		FC068714242BFEAE000EB5F0 /* PlayingCardMatchingGame.h */ = {isa = PBXFileReference; lastKnownFileType = sourcecode.c.h; path = PlayingCardMatchingGame.h; sourceTree = "<group>"; };
		FC068715242BFEAE000EB5F0 /* PlayingCardMatchingGame.m */ = {isa = PBXFileReference; lastKnownFileType = sourcecode.c.objc; path = PlayingCardMatchingGame.m; sourceTree = "<group>"; };
		FC068717242C242C000EB5F0 /* SetGame.h */ = {isa = PBXFileReference; lastKnownFileType = sourcecode.c.h; path = SetGame.h; sourceTree = "<group>"; };
		FC068718242C242C000EB5F0 /* SetGame.m */ = {isa = PBXFileReference; lastKnownFileType = sourcecode.c.objc; path = SetGame.m; sourceTree = "<group>"; };
/* End PBXFileReference section */

/* Begin PBXFrameworksBuildPhase section */
		FC0686C324235051000EB5F0 /* Frameworks */ = {
			isa = PBXFrameworksBuildPhase;
			buildActionMask = 2147483647;
			files = (
			);
			runOnlyForDeploymentPostprocessing = 0;
		};
		FC0686DE24235053000EB5F0 /* Frameworks */ = {
			isa = PBXFrameworksBuildPhase;
			buildActionMask = 2147483647;
			files = (
			);
			runOnlyForDeploymentPostprocessing = 0;
		};
/* End PBXFrameworksBuildPhase section */

/* Begin PBXGroup section */
		FC0686BD24235051000EB5F0 = {
			isa = PBXGroup;
			children = (
				FC0686C824235051000EB5F0 /* Matchismo */,
				FC0686E424235053000EB5F0 /* MatchismoTests */,
				FC0686C724235051000EB5F0 /* Products */,
			);
			sourceTree = "<group>";
		};
		FC0686C724235051000EB5F0 /* Products */ = {
			isa = PBXGroup;
			children = (
				FC0686C624235051000EB5F0 /* Matchismo.app */,
				FC0686E124235053000EB5F0 /* MatchismoTests.xctest */,
			);
			name = Products;
			sourceTree = "<group>";
		};
		FC0686C824235051000EB5F0 /* Matchismo */ = {
			isa = PBXGroup;
			children = (
				FC068706242B0CF7000EB5F0 /* SetViewController.h */,
				FC068707242B0CF7000EB5F0 /* SetViewController.m */,
				FC0686CF24235051000EB5F0 /* ViewController.h */,
				FC0686D024235051000EB5F0 /* ViewController.m */,
				FC068703242B0CD0000EB5F0 /* FlipCardViewController.h */,
				FC068704242B0CD0000EB5F0 /* FlipCardViewController.m */,
				FC0686F324236075000EB5F0 /* Model */,
				FC0686D224235051000EB5F0 /* Main.storyboard */,
				FC0686D524235053000EB5F0 /* Assets.xcassets */,
				FC0686DA24235053000EB5F0 /* Info.plist */,
				FC0686F4242360EF000EB5F0 /* Support Files */,
			);
			path = Matchismo;
			sourceTree = "<group>";
		};
		FC0686E424235053000EB5F0 /* MatchismoTests */ = {
			isa = PBXGroup;
			children = (
				FC0686E524235053000EB5F0 /* MatchismoTests.m */,
				FC0686E724235053000EB5F0 /* Info.plist */,
			);
			path = MatchismoTests;
			sourceTree = "<group>";
		};
		FC0686F324236075000EB5F0 /* Model */ = {
			isa = PBXGroup;
			children = (
				FC06870C242B1603000EB5F0 /* SetModel */,
				FC06870D242B161E000EB5F0 /* PlayingCardModel */,
				FC0687002428296C000EB5F0 /* CardMatchingGame.h */,
				FC0687012428296C000EB5F0 /* CardMatchingGame.m */,
				FC0686F024236006000EB5F0 /* Card.h */,
				FC0686F124236006000EB5F0 /* Card.m */,
				FC0686F82424AE2E000EB5F0 /* Deck.h */,
				FC0686F92424AE2E000EB5F0 /* Deck.m */,
			);
			path = Model;
			sourceTree = "<group>";
		};
		FC0686F4242360EF000EB5F0 /* Support Files */ = {
			isa = PBXGroup;
			children = (
				FC0686D724235053000EB5F0 /* LaunchScreen.storyboard */,
				FC0686DB24235053000EB5F0 /* main.m */,
				FC0686C924235051000EB5F0 /* AppDelegate.h */,
				FC0686CA24235051000EB5F0 /* AppDelegate.m */,
				FC0686CC24235051000EB5F0 /* SceneDelegate.h */,
				FC0686CD24235051000EB5F0 /* SceneDelegate.m */,
			);
			path = "Support Files";
			sourceTree = "<group>";
		};
		FC06870C242B1603000EB5F0 /* SetModel */ = {
			isa = PBXGroup;
			children = (
				FC068717242C242C000EB5F0 /* SetGame.h */,
				FC068718242C242C000EB5F0 /* SetGame.m */,
				FC06870E242B1666000EB5F0 /* SetCard.h */,
				FC06870F242B1666000EB5F0 /* SetCard.m */,
				FC068709242B15F8000EB5F0 /* SetDeck.h */,
				FC06870A242B15F8000EB5F0 /* SetDeck.m */,
			);
			path = SetModel;
			sourceTree = "<group>";
		};
		FC06870D242B161E000EB5F0 /* PlayingCardModel */ = {
			isa = PBXGroup;
			children = (
				FC068714242BFEAE000EB5F0 /* PlayingCardMatchingGame.h */,
				FC068715242BFEAE000EB5F0 /* PlayingCardMatchingGame.m */,
				FC0686F52423639C000EB5F0 /* PlayingCard.h */,
				FC0686F62423639C000EB5F0 /* PlayingCard.m */,
				FC0686FB2424B423000EB5F0 /* PlayingCardDeck.h */,
				FC0686FC2424B423000EB5F0 /* PlayingCardDeck.m */,
			);
			path = PlayingCardModel;
			sourceTree = "<group>";
		};
/* End PBXGroup section */

/* Begin PBXNativeTarget section */
		FC0686C524235051000EB5F0 /* Matchismo */ = {
			isa = PBXNativeTarget;
			buildConfigurationList = FC0686EA24235053000EB5F0 /* Build configuration list for PBXNativeTarget "Matchismo" */;
			buildPhases = (
				FC0686C224235051000EB5F0 /* Sources */,
				FC0686C324235051000EB5F0 /* Frameworks */,
				FC0686C424235051000EB5F0 /* Resources */,
			);
			buildRules = (
			);
			dependencies = (
			);
			name = Matchismo;
			productName = Matchismo;
			productReference = FC0686C624235051000EB5F0 /* Matchismo.app */;
			productType = "com.apple.product-type.application";
		};
		FC0686E024235053000EB5F0 /* MatchismoTests */ = {
			isa = PBXNativeTarget;
			buildConfigurationList = FC0686ED24235053000EB5F0 /* Build configuration list for PBXNativeTarget "MatchismoTests" */;
			buildPhases = (
				FC0686DD24235053000EB5F0 /* Sources */,
				FC0686DE24235053000EB5F0 /* Frameworks */,
				FC0686DF24235053000EB5F0 /* Resources */,
			);
			buildRules = (
			);
			dependencies = (
				FC0686E324235053000EB5F0 /* PBXTargetDependency */,
			);
			name = MatchismoTests;
			productName = MatchismoTests;
			productReference = FC0686E124235053000EB5F0 /* MatchismoTests.xctest */;
			productType = "com.apple.product-type.bundle.unit-test";
		};
/* End PBXNativeTarget section */

/* Begin PBXProject section */
		FC0686BE24235051000EB5F0 /* Project object */ = {
			isa = PBXProject;
			attributes = {
				LastUpgradeCheck = 1130;
				ORGANIZATIONNAME = "German's Dope Apps";
				TargetAttributes = {
					FC0686C524235051000EB5F0 = {
						CreatedOnToolsVersion = 11.3;
					};
					FC0686E024235053000EB5F0 = {
						CreatedOnToolsVersion = 11.3;
						TestTargetID = FC0686C524235051000EB5F0;
					};
				};
			};
			buildConfigurationList = FC0686C124235051000EB5F0 /* Build configuration list for PBXProject "Matchismo" */;
			compatibilityVersion = "Xcode 9.3";
			developmentRegion = en;
			hasScannedForEncodings = 0;
			knownRegions = (
				en,
				Base,
			);
			mainGroup = FC0686BD24235051000EB5F0;
			productRefGroup = FC0686C724235051000EB5F0 /* Products */;
			projectDirPath = "";
			projectRoot = "";
			targets = (
				FC0686C524235051000EB5F0 /* Matchismo */,
				FC0686E024235053000EB5F0 /* MatchismoTests */,
			);
		};
/* End PBXProject section */

/* Begin PBXResourcesBuildPhase section */
		FC0686C424235051000EB5F0 /* Resources */ = {
			isa = PBXResourcesBuildPhase;
			buildActionMask = 2147483647;
			files = (
				FC0686D924235053000EB5F0 /* LaunchScreen.storyboard in Resources */,
				FC0686D624235053000EB5F0 /* Assets.xcassets in Resources */,
				FC0686D424235051000EB5F0 /* Main.storyboard in Resources */,
			);
			runOnlyForDeploymentPostprocessing = 0;
		};
		FC0686DF24235053000EB5F0 /* Resources */ = {
			isa = PBXResourcesBuildPhase;
			buildActionMask = 2147483647;
			files = (
			);
			runOnlyForDeploymentPostprocessing = 0;
		};
/* End PBXResourcesBuildPhase section */

/* Begin PBXSourcesBuildPhase section */
		FC0686C224235051000EB5F0 /* Sources */ = {
			isa = PBXSourcesBuildPhase;
			buildActionMask = 2147483647;
			files = (
				FC0686F72423639C000EB5F0 /* PlayingCard.m in Sources */,
				FC0686FD2424B423000EB5F0 /* PlayingCardDeck.m in Sources */,
				FC0686FA2424AE2E000EB5F0 /* Deck.m in Sources */,
				FC0687022428296C000EB5F0 /* CardMatchingGame.m in Sources */,
				FC0686F224236006000EB5F0 /* Card.m in Sources */,
				FC068716242BFEAE000EB5F0 /* PlayingCardMatchingGame.m in Sources */,
				FC0686D124235051000EB5F0 /* ViewController.m in Sources */,
				FC0686CB24235051000EB5F0 /* AppDelegate.m in Sources */,
				FC068710242B1666000EB5F0 /* SetCard.m in Sources */,
				FC0686DC24235053000EB5F0 /* main.m in Sources */,
				FC068708242B0CF7000EB5F0 /* SetViewController.m in Sources */,
				FC068719242C242C000EB5F0 /* SetGame.m in Sources */,
				FC0686CE24235051000EB5F0 /* SceneDelegate.m in Sources */,
				FC068705242B0CD0000EB5F0 /* FlipCardViewController.m in Sources */,
				FC06870B242B15F8000EB5F0 /* SetDeck.m in Sources */,
			);
			runOnlyForDeploymentPostprocessing = 0;
		};
		FC0686DD24235053000EB5F0 /* Sources */ = {
			isa = PBXSourcesBuildPhase;
			buildActionMask = 2147483647;
			files = (
				FC0686E624235053000EB5F0 /* MatchismoTests.m in Sources */,
			);
			runOnlyForDeploymentPostprocessing = 0;
		};
/* End PBXSourcesBuildPhase section */

/* Begin PBXTargetDependency section */
		FC0686E324235053000EB5F0 /* PBXTargetDependency */ = {
			isa = PBXTargetDependency;
			target = FC0686C524235051000EB5F0 /* Matchismo */;
			targetProxy = FC0686E224235053000EB5F0 /* PBXContainerItemProxy */;
		};
/* End PBXTargetDependency section */

/* Begin PBXVariantGroup section */
		FC0686D224235051000EB5F0 /* Main.storyboard */ = {
			isa = PBXVariantGroup;
			children = (
				FC0686D324235051000EB5F0 /* Base */,
			);
			name = Main.storyboard;
			sourceTree = "<group>";
		};
		FC0686D724235053000EB5F0 /* LaunchScreen.storyboard */ = {
			isa = PBXVariantGroup;
			children = (
				FC0686D824235053000EB5F0 /* Base */,
			);
			name = LaunchScreen.storyboard;
			sourceTree = "<group>";
		};
/* End PBXVariantGroup section */

/* Begin XCBuildConfiguration section */
		FC0686E824235053000EB5F0 /* Debug */ = {
			isa = XCBuildConfiguration;
			buildSettings = {
				ALWAYS_SEARCH_USER_PATHS = NO;
				CLANG_ANALYZER_NONNULL = YES;
				CLANG_ANALYZER_NUMBER_OBJECT_CONVERSION = YES_AGGRESSIVE;
				CLANG_CXX_LANGUAGE_STANDARD = "gnu++14";
				CLANG_CXX_LIBRARY = "libc++";
				CLANG_ENABLE_MODULES = YES;
				CLANG_ENABLE_OBJC_ARC = YES;
				CLANG_ENABLE_OBJC_WEAK = YES;
				CLANG_WARN_BLOCK_CAPTURE_AUTORELEASING = YES;
				CLANG_WARN_BOOL_CONVERSION = YES;
				CLANG_WARN_COMMA = YES;
				CLANG_WARN_CONSTANT_CONVERSION = YES;
				CLANG_WARN_DEPRECATED_OBJC_IMPLEMENTATIONS = YES;
				CLANG_WARN_DIRECT_OBJC_ISA_USAGE = YES_ERROR;
				CLANG_WARN_DOCUMENTATION_COMMENTS = YES;
				CLANG_WARN_EMPTY_BODY = YES;
				CLANG_WARN_ENUM_CONVERSION = YES;
				CLANG_WARN_INFINITE_RECURSION = YES;
				CLANG_WARN_INT_CONVERSION = YES;
				CLANG_WARN_NON_LITERAL_NULL_CONVERSION = YES;
				CLANG_WARN_OBJC_IMPLICIT_RETAIN_SELF = YES;
				CLANG_WARN_OBJC_LITERAL_CONVERSION = YES;
				CLANG_WARN_OBJC_ROOT_CLASS = YES_ERROR;
				CLANG_WARN_RANGE_LOOP_ANALYSIS = YES;
				CLANG_WARN_STRICT_PROTOTYPES = YES;
				CLANG_WARN_SUSPICIOUS_MOVE = YES;
				CLANG_WARN_UNGUARDED_AVAILABILITY = YES_AGGRESSIVE;
				CLANG_WARN_UNREACHABLE_CODE = YES;
				CLANG_WARN__DUPLICATE_METHOD_MATCH = YES;
				COPY_PHASE_STRIP = NO;
				DEBUG_INFORMATION_FORMAT = dwarf;
				ENABLE_STRICT_OBJC_MSGSEND = YES;
				ENABLE_TESTABILITY = YES;
				GCC_C_LANGUAGE_STANDARD = gnu11;
				GCC_DYNAMIC_NO_PIC = NO;
				GCC_NO_COMMON_BLOCKS = YES;
				GCC_OPTIMIZATION_LEVEL = 0;
				GCC_PREPROCESSOR_DEFINITIONS = (
					"DEBUG=1",
					"$(inherited)",
				);
				GCC_WARN_64_TO_32_BIT_CONVERSION = YES;
				GCC_WARN_ABOUT_RETURN_TYPE = YES_ERROR;
				GCC_WARN_UNDECLARED_SELECTOR = YES;
				GCC_WARN_UNINITIALIZED_AUTOS = YES_AGGRESSIVE;
				GCC_WARN_UNUSED_FUNCTION = YES;
				GCC_WARN_UNUSED_VARIABLE = YES;
				IPHONEOS_DEPLOYMENT_TARGET = 13.2;
				MTL_ENABLE_DEBUG_INFO = INCLUDE_SOURCE;
				MTL_FAST_MATH = YES;
				ONLY_ACTIVE_ARCH = YES;
				SDKROOT = iphoneos;
			};
			name = Debug;
		};
		FC0686E924235053000EB5F0 /* Release */ = {
			isa = XCBuildConfiguration;
			buildSettings = {
				ALWAYS_SEARCH_USER_PATHS = NO;
				CLANG_ANALYZER_NONNULL = YES;
				CLANG_ANALYZER_NUMBER_OBJECT_CONVERSION = YES_AGGRESSIVE;
				CLANG_CXX_LANGUAGE_STANDARD = "gnu++14";
				CLANG_CXX_LIBRARY = "libc++";
				CLANG_ENABLE_MODULES = YES;
				CLANG_ENABLE_OBJC_ARC = YES;
				CLANG_ENABLE_OBJC_WEAK = YES;
				CLANG_WARN_BLOCK_CAPTURE_AUTORELEASING = YES;
				CLANG_WARN_BOOL_CONVERSION = YES;
				CLANG_WARN_COMMA = YES;
				CLANG_WARN_CONSTANT_CONVERSION = YES;
				CLANG_WARN_DEPRECATED_OBJC_IMPLEMENTATIONS = YES;
				CLANG_WARN_DIRECT_OBJC_ISA_USAGE = YES_ERROR;
				CLANG_WARN_DOCUMENTATION_COMMENTS = YES;
				CLANG_WARN_EMPTY_BODY = YES;
				CLANG_WARN_ENUM_CONVERSION = YES;
				CLANG_WARN_INFINITE_RECURSION = YES;
				CLANG_WARN_INT_CONVERSION = YES;
				CLANG_WARN_NON_LITERAL_NULL_CONVERSION = YES;
				CLANG_WARN_OBJC_IMPLICIT_RETAIN_SELF = YES;
				CLANG_WARN_OBJC_LITERAL_CONVERSION = YES;
				CLANG_WARN_OBJC_ROOT_CLASS = YES_ERROR;
				CLANG_WARN_RANGE_LOOP_ANALYSIS = YES;
				CLANG_WARN_STRICT_PROTOTYPES = YES;
				CLANG_WARN_SUSPICIOUS_MOVE = YES;
				CLANG_WARN_UNGUARDED_AVAILABILITY = YES_AGGRESSIVE;
				CLANG_WARN_UNREACHABLE_CODE = YES;
				CLANG_WARN__DUPLICATE_METHOD_MATCH = YES;
				COPY_PHASE_STRIP = NO;
				DEBUG_INFORMATION_FORMAT = "dwarf-with-dsym";
				ENABLE_NS_ASSERTIONS = NO;
				ENABLE_STRICT_OBJC_MSGSEND = YES;
				GCC_C_LANGUAGE_STANDARD = gnu11;
				GCC_NO_COMMON_BLOCKS = YES;
				GCC_WARN_64_TO_32_BIT_CONVERSION = YES;
				GCC_WARN_ABOUT_RETURN_TYPE = YES_ERROR;
				GCC_WARN_UNDECLARED_SELECTOR = YES;
				GCC_WARN_UNINITIALIZED_AUTOS = YES_AGGRESSIVE;
				GCC_WARN_UNUSED_FUNCTION = YES;
				GCC_WARN_UNUSED_VARIABLE = YES;
				IPHONEOS_DEPLOYMENT_TARGET = 13.2;
				MTL_ENABLE_DEBUG_INFO = NO;
				MTL_FAST_MATH = YES;
				SDKROOT = iphoneos;
				VALIDATE_PRODUCT = YES;
			};
			name = Release;
		};
		FC0686EB24235053000EB5F0 /* Debug */ = {
			isa = XCBuildConfiguration;
			buildSettings = {
				ASSETCATALOG_COMPILER_APPICON_NAME = AppIcon;
				CODE_SIGN_STYLE = Automatic;
				INFOPLIST_FILE = Matchismo/Info.plist;
				LD_RUNPATH_SEARCH_PATHS = (
					"$(inherited)",
					"@executable_path/Frameworks",
				);
				PRODUCT_BUNDLE_IDENTIFIER = edu.stanford.cs193p.germans.Matchismo;
				PRODUCT_NAME = "$(TARGET_NAME)";
				TARGETED_DEVICE_FAMILY = "1,2";
			};
			name = Debug;
		};
		FC0686EC24235053000EB5F0 /* Release */ = {
			isa = XCBuildConfiguration;
			buildSettings = {
				ASSETCATALOG_COMPILER_APPICON_NAME = AppIcon;
				CODE_SIGN_STYLE = Automatic;
				INFOPLIST_FILE = Matchismo/Info.plist;
				LD_RUNPATH_SEARCH_PATHS = (
					"$(inherited)",
					"@executable_path/Frameworks",
				);
				PRODUCT_BUNDLE_IDENTIFIER = edu.stanford.cs193p.germans.Matchismo;
				PRODUCT_NAME = "$(TARGET_NAME)";
				TARGETED_DEVICE_FAMILY = "1,2";
			};
			name = Release;
		};
		FC0686EE24235053000EB5F0 /* Debug */ = {
			isa = XCBuildConfiguration;
			buildSettings = {
				BUNDLE_LOADER = "$(TEST_HOST)";
				CODE_SIGN_STYLE = Automatic;
				INFOPLIST_FILE = MatchismoTests/Info.plist;
				IPHONEOS_DEPLOYMENT_TARGET = 13.2;
				LD_RUNPATH_SEARCH_PATHS = (
					"$(inherited)",
					"@executable_path/Frameworks",
					"@loader_path/Frameworks",
				);
				PRODUCT_BUNDLE_IDENTIFIER = edu.stanford.cs193p.germans.MatchismoTests;
				PRODUCT_NAME = "$(TARGET_NAME)";
				TARGETED_DEVICE_FAMILY = "1,2";
				TEST_HOST = "$(BUILT_PRODUCTS_DIR)/Matchismo.app/Matchismo";
			};
			name = Debug;
		};
		FC0686EF24235053000EB5F0 /* Release */ = {
			isa = XCBuildConfiguration;
			buildSettings = {
				BUNDLE_LOADER = "$(TEST_HOST)";
				CODE_SIGN_STYLE = Automatic;
				INFOPLIST_FILE = MatchismoTests/Info.plist;
				IPHONEOS_DEPLOYMENT_TARGET = 13.2;
				LD_RUNPATH_SEARCH_PATHS = (
					"$(inherited)",
					"@executable_path/Frameworks",
					"@loader_path/Frameworks",
				);
				PRODUCT_BUNDLE_IDENTIFIER = edu.stanford.cs193p.germans.MatchismoTests;
				PRODUCT_NAME = "$(TARGET_NAME)";
				TARGETED_DEVICE_FAMILY = "1,2";
				TEST_HOST = "$(BUILT_PRODUCTS_DIR)/Matchismo.app/Matchismo";
			};
			name = Release;
		};
/* End XCBuildConfiguration section */

/* Begin XCConfigurationList section */
		FC0686C124235051000EB5F0 /* Build configuration list for PBXProject "Matchismo" */ = {
			isa = XCConfigurationList;
			buildConfigurations = (
				FC0686E824235053000EB5F0 /* Debug */,
				FC0686E924235053000EB5F0 /* Release */,
			);
			defaultConfigurationIsVisible = 0;
			defaultConfigurationName = Release;
		};
		FC0686EA24235053000EB5F0 /* Build configuration list for PBXNativeTarget "Matchismo" */ = {
			isa = XCConfigurationList;
			buildConfigurations = (
				FC0686EB24235053000EB5F0 /* Debug */,
				FC0686EC24235053000EB5F0 /* Release */,
			);
			defaultConfigurationIsVisible = 0;
			defaultConfigurationName = Release;
		};
		FC0686ED24235053000EB5F0 /* Build configuration list for PBXNativeTarget "MatchismoTests" */ = {
			isa = XCConfigurationList;
			buildConfigurations = (
				FC0686EE24235053000EB5F0 /* Debug */,
				FC0686EF24235053000EB5F0 /* Release */,
			);
			defaultConfigurationIsVisible = 0;
			defaultConfigurationName = Release;
		};
/* End XCConfigurationList section */
	};
	rootObject = FC0686BE24235051000EB5F0 /* Project object */;
}
